// !$*UTF8*$!
{
	archiveVersion = 1;
	classes = {
	};
	objectVersion = 55;
	objects = {

/* Begin PBXBuildFile section */
		A9F2550B27F5A622008065A2 /* GMBNApp.swift in Sources */ = {isa = PBXBuildFile; fileRef = A9F2550A27F5A622008065A2 /* GMBNApp.swift */; };
		A9F2550D27F5A622008065A2 /* HomeView.swift in Sources */ = {isa = PBXBuildFile; fileRef = A9F2550C27F5A622008065A2 /* HomeView.swift */; };
		A9F2550F27F5A625008065A2 /* Assets.xcassets in Resources */ = {isa = PBXBuildFile; fileRef = A9F2550E27F5A625008065A2 /* Assets.xcassets */; };
		A9F2551227F5A625008065A2 /* Preview Assets.xcassets in Resources */ = {isa = PBXBuildFile; fileRef = A9F2551127F5A625008065A2 /* Preview Assets.xcassets */; };
		A9F2551C27F5A625008065A2 /* GMBNTests.swift in Sources */ = {isa = PBXBuildFile; fileRef = A9F2551B27F5A625008065A2 /* GMBNTests.swift */; };
		A9F2552627F5A625008065A2 /* GMBNUITests.swift in Sources */ = {isa = PBXBuildFile; fileRef = A9F2552527F5A625008065A2 /* GMBNUITests.swift */; };
		A9F2552827F5A625008065A2 /* GMBNUITestsLaunchTests.swift in Sources */ = {isa = PBXBuildFile; fileRef = A9F2552727F5A625008065A2 /* GMBNUITestsLaunchTests.swift */; };
		A9F2553627F5A72A008065A2 /* ComposableArchitecture in Frameworks */ = {isa = PBXBuildFile; productRef = A9F2553527F5A72A008065A2 /* ComposableArchitecture */; };
/* End PBXBuildFile section */

/* Begin PBXContainerItemProxy section */
		A9F2551827F5A625008065A2 /* PBXContainerItemProxy */ = {
			isa = PBXContainerItemProxy;
			containerPortal = A9F254FF27F5A622008065A2 /* Project object */;
			proxyType = 1;
			remoteGlobalIDString = A9F2550627F5A622008065A2;
			remoteInfo = GMBN;
		};
		A9F2552227F5A625008065A2 /* PBXContainerItemProxy */ = {
			isa = PBXContainerItemProxy;
			containerPortal = A9F254FF27F5A622008065A2 /* Project object */;
			proxyType = 1;
			remoteGlobalIDString = A9F2550627F5A622008065A2;
			remoteInfo = GMBN;
		};
/* End PBXContainerItemProxy section */

/* Begin PBXFileReference section */
		A9F2550727F5A622008065A2 /* GMBN.app */ = {isa = PBXFileReference; explicitFileType = wrapper.application; includeInIndex = 0; path = GMBN.app; sourceTree = BUILT_PRODUCTS_DIR; };
		A9F2550A27F5A622008065A2 /* GMBNApp.swift */ = {isa = PBXFileReference; lastKnownFileType = sourcecode.swift; path = GMBNApp.swift; sourceTree = "<group>"; };
		A9F2550C27F5A622008065A2 /* HomeView.swift */ = {isa = PBXFileReference; lastKnownFileType = sourcecode.swift; path = HomeView.swift; sourceTree = "<group>"; };
		A9F2550E27F5A625008065A2 /* Assets.xcassets */ = {isa = PBXFileReference; lastKnownFileType = folder.assetcatalog; path = Assets.xcassets; sourceTree = "<group>"; };
		A9F2551127F5A625008065A2 /* Preview Assets.xcassets */ = {isa = PBXFileReference; lastKnownFileType = folder.assetcatalog; path = "Preview Assets.xcassets"; sourceTree = "<group>"; };
		A9F2551727F5A625008065A2 /* GMBNTests.xctest */ = {isa = PBXFileReference; explicitFileType = wrapper.cfbundle; includeInIndex = 0; path = GMBNTests.xctest; sourceTree = BUILT_PRODUCTS_DIR; };
		A9F2551B27F5A625008065A2 /* GMBNTests.swift */ = {isa = PBXFileReference; lastKnownFileType = sourcecode.swift; path = GMBNTests.swift; sourceTree = "<group>"; };
		A9F2552127F5A625008065A2 /* GMBNUITests.xctest */ = {isa = PBXFileReference; explicitFileType = wrapper.cfbundle; includeInIndex = 0; path = GMBNUITests.xctest; sourceTree = BUILT_PRODUCTS_DIR; };
		A9F2552527F5A625008065A2 /* GMBNUITests.swift */ = {isa = PBXFileReference; lastKnownFileType = sourcecode.swift; path = GMBNUITests.swift; sourceTree = "<group>"; };
		A9F2552727F5A625008065A2 /* GMBNUITestsLaunchTests.swift */ = {isa = PBXFileReference; lastKnownFileType = sourcecode.swift; path = GMBNUITestsLaunchTests.swift; sourceTree = "<group>"; };
/* End PBXFileReference section */

/* Begin PBXFrameworksBuildPhase section */
		A9F2550427F5A622008065A2 /* Frameworks */ = {
			isa = PBXFrameworksBuildPhase;
			buildActionMask = 2147483647;
			files = (
				A9F2553627F5A72A008065A2 /* ComposableArchitecture in Frameworks */,
			);
			runOnlyForDeploymentPostprocessing = 0;
		};
		A9F2551427F5A625008065A2 /* Frameworks */ = {
			isa = PBXFrameworksBuildPhase;
			buildActionMask = 2147483647;
			files = (
			);
			runOnlyForDeploymentPostprocessing = 0;
		};
		A9F2551E27F5A625008065A2 /* Frameworks */ = {
			isa = PBXFrameworksBuildPhase;
			buildActionMask = 2147483647;
			files = (
			);
			runOnlyForDeploymentPostprocessing = 0;
		};
/* End PBXFrameworksBuildPhase section */

/* Begin PBXGroup section */
		A9F254FE27F5A622008065A2 = {
			isa = PBXGroup;
			children = (
				A9F2550927F5A622008065A2 /* GMBN */,
				A9F2551A27F5A625008065A2 /* GMBNTests */,
				A9F2552427F5A625008065A2 /* GMBNUITests */,
				A9F2550827F5A622008065A2 /* Products */,
			);
			sourceTree = "<group>";
		};
		A9F2550827F5A622008065A2 /* Products */ = {
			isa = PBXGroup;
			children = (
				A9F2550727F5A622008065A2 /* GMBN.app */,
				A9F2551727F5A625008065A2 /* GMBNTests.xctest */,
				A9F2552127F5A625008065A2 /* GMBNUITests.xctest */,
			);
			name = Products;
			sourceTree = "<group>";
		};
		A9F2550927F5A622008065A2 /* GMBN */ = {
			isa = PBXGroup;
			children = (
				A9F2550A27F5A622008065A2 /* GMBNApp.swift */,
				A9F2550C27F5A622008065A2 /* HomeView.swift */,
				A9F2550E27F5A625008065A2 /* Assets.xcassets */,
				A9F2551027F5A625008065A2 /* Preview Content */,
			);
			path = GMBN;
			sourceTree = "<group>";
		};
		A9F2551027F5A625008065A2 /* Preview Content */ = {
			isa = PBXGroup;
			children = (
				A9F2551127F5A625008065A2 /* Preview Assets.xcassets */,
			);
			path = "Preview Content";
			sourceTree = "<group>";
		};
		A9F2551A27F5A625008065A2 /* GMBNTests */ = {
			isa = PBXGroup;
			children = (
				A9F2551B27F5A625008065A2 /* GMBNTests.swift */,
			);
			path = GMBNTests;
			sourceTree = "<group>";
		};
		A9F2552427F5A625008065A2 /* GMBNUITests */ = {
			isa = PBXGroup;
			children = (
				A9F2552527F5A625008065A2 /* GMBNUITests.swift */,
				A9F2552727F5A625008065A2 /* GMBNUITestsLaunchTests.swift */,
			);
			path = GMBNUITests;
			sourceTree = "<group>";
		};
/* End PBXGroup section */

/* Begin PBXNativeTarget section */
		A9F2550627F5A622008065A2 /* GMBN */ = {
			isa = PBXNativeTarget;
			buildConfigurationList = A9F2552B27F5A625008065A2 /* Build configuration list for PBXNativeTarget "GMBN" */;
			buildPhases = (
				A9F2550327F5A622008065A2 /* Sources */,
				A9F2550427F5A622008065A2 /* Frameworks */,
				A9F2550527F5A622008065A2 /* Resources */,
			);
			buildRules = (
			);
			dependencies = (
			);
			name = GMBN;
			packageProductDependencies = (
				A9F2553527F5A72A008065A2 /* ComposableArchitecture */,
			);
			productName = GMBN;
			productReference = A9F2550727F5A622008065A2 /* GMBN.app */;
			productType = "com.apple.product-type.application";
		};
		A9F2551627F5A625008065A2 /* GMBNTests */ = {
			isa = PBXNativeTarget;
			buildConfigurationList = A9F2552E27F5A625008065A2 /* Build configuration list for PBXNativeTarget "GMBNTests" */;
			buildPhases = (
				A9F2551327F5A625008065A2 /* Sources */,
				A9F2551427F5A625008065A2 /* Frameworks */,
				A9F2551527F5A625008065A2 /* Resources */,
			);
			buildRules = (
			);
			dependencies = (
				A9F2551927F5A625008065A2 /* PBXTargetDependency */,
			);
			name = GMBNTests;
			productName = GMBNTests;
			productReference = A9F2551727F5A625008065A2 /* GMBNTests.xctest */;
			productType = "com.apple.product-type.bundle.unit-test";
		};
		A9F2552027F5A625008065A2 /* GMBNUITests */ = {
			isa = PBXNativeTarget;
			buildConfigurationList = A9F2553127F5A625008065A2 /* Build configuration list for PBXNativeTarget "GMBNUITests" */;
			buildPhases = (
				A9F2551D27F5A625008065A2 /* Sources */,
				A9F2551E27F5A625008065A2 /* Frameworks */,
				A9F2551F27F5A625008065A2 /* Resources */,
			);
			buildRules = (
			);
			dependencies = (
				A9F2552327F5A625008065A2 /* PBXTargetDependency */,
			);
			name = GMBNUITests;
			productName = GMBNUITests;
			productReference = A9F2552127F5A625008065A2 /* GMBNUITests.xctest */;
			productType = "com.apple.product-type.bundle.ui-testing";
		};
/* End PBXNativeTarget section */

/* Begin PBXProject section */
		A9F254FF27F5A622008065A2 /* Project object */ = {
			isa = PBXProject;
			attributes = {
				BuildIndependentTargetsInParallel = 1;
				LastSwiftUpdateCheck = 1330;
				LastUpgradeCheck = 1330;
				TargetAttributes = {
					A9F2550627F5A622008065A2 = {
						CreatedOnToolsVersion = 13.3;
					};
					A9F2551627F5A625008065A2 = {
						CreatedOnToolsVersion = 13.3;
						TestTargetID = A9F2550627F5A622008065A2;
					};
					A9F2552027F5A625008065A2 = {
						CreatedOnToolsVersion = 13.3;
						TestTargetID = A9F2550627F5A622008065A2;
					};
				};
			};
			buildConfigurationList = A9F2550227F5A622008065A2 /* Build configuration list for PBXProject "GMBN" */;
			compatibilityVersion = "Xcode 13.0";
			developmentRegion = en;
			hasScannedForEncodings = 0;
			knownRegions = (
				en,
				Base,
			);
			mainGroup = A9F254FE27F5A622008065A2;
			packageReferences = (
				A9F2553427F5A72A008065A2 /* XCRemoteSwiftPackageReference "swift-composable-architecture" */,
			);
			productRefGroup = A9F2550827F5A622008065A2 /* Products */;
			projectDirPath = "";
			projectRoot = "";
			targets = (
				A9F2550627F5A622008065A2 /* GMBN */,
				A9F2551627F5A625008065A2 /* GMBNTests */,
				A9F2552027F5A625008065A2 /* GMBNUITests */,
			);
		};
/* End PBXProject section */

/* Begin PBXResourcesBuildPhase section */
		A9F2550527F5A622008065A2 /* Resources */ = {
			isa = PBXResourcesBuildPhase;
			buildActionMask = 2147483647;
			files = (
				A9F2551227F5A625008065A2 /* Preview Assets.xcassets in Resources */,
				A9F2550F27F5A625008065A2 /* Assets.xcassets in Resources */,
			);
			runOnlyForDeploymentPostprocessing = 0;
		};
		A9F2551527F5A625008065A2 /* Resources */ = {
			isa = PBXResourcesBuildPhase;
			buildActionMask = 2147483647;
			files = (
			);
			runOnlyForDeploymentPostprocessing = 0;
		};
		A9F2551F27F5A625008065A2 /* Resources */ = {
			isa = PBXResourcesBuildPhase;
			buildActionMask = 2147483647;
			files = (
			);
			runOnlyForDeploymentPostprocessing = 0;
		};
/* End PBXResourcesBuildPhase section */

/* Begin PBXSourcesBuildPhase section */
		A9F2550327F5A622008065A2 /* Sources */ = {
			isa = PBXSourcesBuildPhase;
			buildActionMask = 2147483647;
			files = (
				A9F2550D27F5A622008065A2 /* HomeView.swift in Sources */,
				A9F2550B27F5A622008065A2 /* GMBNApp.swift in Sources */,
			);
			runOnlyForDeploymentPostprocessing = 0;
		};
		A9F2551327F5A625008065A2 /* Sources */ = {
			isa = PBXSourcesBuildPhase;
			buildActionMask = 2147483647;
			files = (
				A9F2551C27F5A625008065A2 /* GMBNTests.swift in Sources */,
			);
			runOnlyForDeploymentPostprocessing = 0;
		};
		A9F2551D27F5A625008065A2 /* Sources */ = {
			isa = PBXSourcesBuildPhase;
			buildActionMask = 2147483647;
			files = (
				A9F2552827F5A625008065A2 /* GMBNUITestsLaunchTests.swift in Sources */,
				A9F2552627F5A625008065A2 /* GMBNUITests.swift in Sources */,
			);
			runOnlyForDeploymentPostprocessing = 0;
		};
/* End PBXSourcesBuildPhase section */

/* Begin PBXTargetDependency section */
		A9F2551927F5A625008065A2 /* PBXTargetDependency */ = {
			isa = PBXTargetDependency;
			target = A9F2550627F5A622008065A2 /* GMBN */;
			targetProxy = A9F2551827F5A625008065A2 /* PBXContainerItemProxy */;
		};
		A9F2552327F5A625008065A2 /* PBXTargetDependency */ = {
			isa = PBXTargetDependency;
			target = A9F2550627F5A622008065A2 /* GMBN */;
			targetProxy = A9F2552227F5A625008065A2 /* PBXContainerItemProxy */;
		};
/* End PBXTargetDependency section */

/* Begin XCBuildConfiguration section */
		A9F2552927F5A625008065A2 /* Debug */ = {
			isa = XCBuildConfiguration;
			buildSettings = {
				ALWAYS_SEARCH_USER_PATHS = NO;
				CLANG_ANALYZER_NONNULL = YES;
				CLANG_ANALYZER_NUMBER_OBJECT_CONVERSION = YES_AGGRESSIVE;
				CLANG_CXX_LANGUAGE_STANDARD = "gnu++17";
				CLANG_ENABLE_MODULES = YES;
				CLANG_ENABLE_OBJC_ARC = YES;
				CLANG_ENABLE_OBJC_WEAK = YES;
				CLANG_WARN_BLOCK_CAPTURE_AUTORELEASING = YES;
				CLANG_WARN_BOOL_CONVERSION = YES;
				CLANG_WARN_COMMA = YES;
				CLANG_WARN_CONSTANT_CONVERSION = YES;
				CLANG_WARN_DEPRECATED_OBJC_IMPLEMENTATIONS = YES;
				CLANG_WARN_DIRECT_OBJC_ISA_USAGE = YES_ERROR;
				CLANG_WARN_DOCUMENTATION_COMMENTS = YES;
				CLANG_WARN_EMPTY_BODY = YES;
				CLANG_WARN_ENUM_CONVERSION = YES;
				CLANG_WARN_INFINITE_RECURSION = YES;
				CLANG_WARN_INT_CONVERSION = YES;
				CLANG_WARN_NON_LITERAL_NULL_CONVERSION = YES;
				CLANG_WARN_OBJC_IMPLICIT_RETAIN_SELF = YES;
				CLANG_WARN_OBJC_LITERAL_CONVERSION = YES;
				CLANG_WARN_OBJC_ROOT_CLASS = YES_ERROR;
				CLANG_WARN_QUOTED_INCLUDE_IN_FRAMEWORK_HEADER = YES;
				CLANG_WARN_RANGE_LOOP_ANALYSIS = YES;
				CLANG_WARN_STRICT_PROTOTYPES = YES;
				CLANG_WARN_SUSPICIOUS_MOVE = YES;
				CLANG_WARN_UNGUARDED_AVAILABILITY = YES_AGGRESSIVE;
				CLANG_WARN_UNREACHABLE_CODE = YES;
				CLANG_WARN__DUPLICATE_METHOD_MATCH = YES;
				COPY_PHASE_STRIP = NO;
				DEBUG_INFORMATION_FORMAT = dwarf;
				ENABLE_STRICT_OBJC_MSGSEND = YES;
				ENABLE_TESTABILITY = YES;
				GCC_C_LANGUAGE_STANDARD = gnu11;
				GCC_DYNAMIC_NO_PIC = NO;
				GCC_NO_COMMON_BLOCKS = YES;
				GCC_OPTIMIZATION_LEVEL = 0;
				GCC_PREPROCESSOR_DEFINITIONS = (
					"DEBUG=1",
					"$(inherited)",
				);
				GCC_WARN_64_TO_32_BIT_CONVERSION = YES;
				GCC_WARN_ABOUT_RETURN_TYPE = YES_ERROR;
				GCC_WARN_UNDECLARED_SELECTOR = YES;
				GCC_WARN_UNINITIALIZED_AUTOS = YES_AGGRESSIVE;
				GCC_WARN_UNUSED_FUNCTION = YES;
				GCC_WARN_UNUSED_VARIABLE = YES;
				IPHONEOS_DEPLOYMENT_TARGET = 15.4;
				MTL_ENABLE_DEBUG_INFO = INCLUDE_SOURCE;
				MTL_FAST_MATH = YES;
				ONLY_ACTIVE_ARCH = YES;
				SDKROOT = iphoneos;
				SWIFT_ACTIVE_COMPILATION_CONDITIONS = DEBUG;
				SWIFT_OPTIMIZATION_LEVEL = "-Onone";
			};
			name = Debug;
		};
		A9F2552A27F5A625008065A2 /* Release */ = {
			isa = XCBuildConfiguration;
			buildSettings = {
				ALWAYS_SEARCH_USER_PATHS = NO;
				CLANG_ANALYZER_NONNULL = YES;
				CLANG_ANALYZER_NUMBER_OBJECT_CONVERSION = YES_AGGRESSIVE;
				CLANG_CXX_LANGUAGE_STANDARD = "gnu++17";
				CLANG_ENABLE_MODULES = YES;
				CLANG_ENABLE_OBJC_ARC = YES;
				CLANG_ENABLE_OBJC_WEAK = YES;
				CLANG_WARN_BLOCK_CAPTURE_AUTORELEASING = YES;
				CLANG_WARN_BOOL_CONVERSION = YES;
				CLANG_WARN_COMMA = YES;
				CLANG_WARN_CONSTANT_CONVERSION = YES;
				CLANG_WARN_DEPRECATED_OBJC_IMPLEMENTATIONS = YES;
				CLANG_WARN_DIRECT_OBJC_ISA_USAGE = YES_ERROR;
				CLANG_WARN_DOCUMENTATION_COMMENTS = YES;
				CLANG_WARN_EMPTY_BODY = YES;
				CLANG_WARN_ENUM_CONVERSION = YES;
				CLANG_WARN_INFINITE_RECURSION = YES;
				CLANG_WARN_INT_CONVERSION = YES;
				CLANG_WARN_NON_LITERAL_NULL_CONVERSION = YES;
				CLANG_WARN_OBJC_IMPLICIT_RETAIN_SELF = YES;
				CLANG_WARN_OBJC_LITERAL_CONVERSION = YES;
				CLANG_WARN_OBJC_ROOT_CLASS = YES_ERROR;
				CLANG_WARN_QUOTED_INCLUDE_IN_FRAMEWORK_HEADER = YES;
				CLANG_WARN_RANGE_LOOP_ANALYSIS = YES;
				CLANG_WARN_STRICT_PROTOTYPES = YES;
				CLANG_WARN_SUSPICIOUS_MOVE = YES;
				CLANG_WARN_UNGUARDED_AVAILABILITY = YES_AGGRESSIVE;
				CLANG_WARN_UNREACHABLE_CODE = YES;
				CLANG_WARN__DUPLICATE_METHOD_MATCH = YES;
				COPY_PHASE_STRIP = NO;
				DEBUG_INFORMATION_FORMAT = "dwarf-with-dsym";
				ENABLE_NS_ASSERTIONS = NO;
				ENABLE_STRICT_OBJC_MSGSEND = YES;
				GCC_C_LANGUAGE_STANDARD = gnu11;
				GCC_NO_COMMON_BLOCKS = YES;
				GCC_WARN_64_TO_32_BIT_CONVERSION = YES;
				GCC_WARN_ABOUT_RETURN_TYPE = YES_ERROR;
				GCC_WARN_UNDECLARED_SELECTOR = YES;
				GCC_WARN_UNINITIALIZED_AUTOS = YES_AGGRESSIVE;
				GCC_WARN_UNUSED_FUNCTION = YES;
				GCC_WARN_UNUSED_VARIABLE = YES;
				IPHONEOS_DEPLOYMENT_TARGET = 15.4;
				MTL_ENABLE_DEBUG_INFO = NO;
				MTL_FAST_MATH = YES;
				SDKROOT = iphoneos;
				SWIFT_COMPILATION_MODE = wholemodule;
				SWIFT_OPTIMIZATION_LEVEL = "-O";
				VALIDATE_PRODUCT = YES;
			};
			name = Release;
		};
		A9F2552C27F5A625008065A2 /* Debug */ = {
			isa = XCBuildConfiguration;
			buildSettings = {
				ASSETCATALOG_COMPILER_APPICON_NAME = AppIcon;
				ASSETCATALOG_COMPILER_GLOBAL_ACCENT_COLOR_NAME = AccentColor;
				CODE_SIGN_STYLE = Automatic;
				CURRENT_PROJECT_VERSION = 1;
				DEVELOPMENT_ASSET_PATHS = "\"GMBN/Preview Content\"";
				ENABLE_PREVIEWS = YES;
				GENERATE_INFOPLIST_FILE = YES;
				INFOPLIST_KEY_UIApplicationSceneManifest_Generation = YES;
				INFOPLIST_KEY_UIApplicationSupportsIndirectInputEvents = YES;
				INFOPLIST_KEY_UILaunchScreen_Generation = YES;
				INFOPLIST_KEY_UISupportedInterfaceOrientations_iPad = "UIInterfaceOrientationPortrait UIInterfaceOrientationPortraitUpsideDown UIInterfaceOrientationLandscapeLeft UIInterfaceOrientationLandscapeRight";
				INFOPLIST_KEY_UISupportedInterfaceOrientations_iPhone = "UIInterfaceOrientationPortrait UIInterfaceOrientationLandscapeLeft UIInterfaceOrientationLandscapeRight";
				LD_RUNPATH_SEARCH_PATHS = (
					"$(inherited)",
					"@executable_path/Frameworks",
				);
				MARKETING_VERSION = 1.0;
				PRODUCT_BUNDLE_IDENTIFIER = com.bitbuildr.GMBN;
				PRODUCT_NAME = "$(TARGET_NAME)";
				SWIFT_EMIT_LOC_STRINGS = YES;
				SWIFT_VERSION = 5.0;
				TARGETED_DEVICE_FAMILY = "1,2";
			};
			name = Debug;
		};
		A9F2552D27F5A625008065A2 /* Release */ = {
			isa = XCBuildConfiguration;
			buildSettings = {
				ASSETCATALOG_COMPILER_APPICON_NAME = AppIcon;
				ASSETCATALOG_COMPILER_GLOBAL_ACCENT_COLOR_NAME = AccentColor;
				CODE_SIGN_STYLE = Automatic;
				CURRENT_PROJECT_VERSION = 1;
				DEVELOPMENT_ASSET_PATHS = "\"GMBN/Preview Content\"";
				ENABLE_PREVIEWS = YES;
				GENERATE_INFOPLIST_FILE = YES;
				INFOPLIST_KEY_UIApplicationSceneManifest_Generation = YES;
				INFOPLIST_KEY_UIApplicationSupportsIndirectInputEvents = YES;
				INFOPLIST_KEY_UILaunchScreen_Generation = YES;
				INFOPLIST_KEY_UISupportedInterfaceOrientations_iPad = "UIInterfaceOrientationPortrait UIInterfaceOrientationPortraitUpsideDown UIInterfaceOrientationLandscapeLeft UIInterfaceOrientationLandscapeRight";
				INFOPLIST_KEY_UISupportedInterfaceOrientations_iPhone = "UIInterfaceOrientationPortrait UIInterfaceOrientationLandscapeLeft UIInterfaceOrientationLandscapeRight";
				LD_RUNPATH_SEARCH_PATHS = (
					"$(inherited)",
					"@executable_path/Frameworks",
				);
				MARKETING_VERSION = 1.0;
				PRODUCT_BUNDLE_IDENTIFIER = com.bitbuildr.GMBN;
				PRODUCT_NAME = "$(TARGET_NAME)";
				SWIFT_EMIT_LOC_STRINGS = YES;
				SWIFT_VERSION = 5.0;
				TARGETED_DEVICE_FAMILY = "1,2";
			};
			name = Release;
		};
		A9F2552F27F5A625008065A2 /* Debug */ = {
			isa = XCBuildConfiguration;
			buildSettings = {
				ALWAYS_EMBED_SWIFT_STANDARD_LIBRARIES = YES;
				BUNDLE_LOADER = "$(TEST_HOST)";
				CODE_SIGN_STYLE = Automatic;
				CURRENT_PROJECT_VERSION = 1;
				GENERATE_INFOPLIST_FILE = YES;
				IPHONEOS_DEPLOYMENT_TARGET = 15.4;
				MARKETING_VERSION = 1.0;
				PRODUCT_BUNDLE_IDENTIFIER = com.bitbuildr.GMBNTests;
				PRODUCT_NAME = "$(TARGET_NAME)";
				SWIFT_EMIT_LOC_STRINGS = NO;
				SWIFT_VERSION = 5.0;
				TARGETED_DEVICE_FAMILY = "1,2";
				TEST_HOST = "$(BUILT_PRODUCTS_DIR)/GMBN.app/GMBN";
			};
			name = Debug;
		};
		A9F2553027F5A625008065A2 /* Release */ = {
			isa = XCBuildConfiguration;
			buildSettings = {
				ALWAYS_EMBED_SWIFT_STANDARD_LIBRARIES = YES;
				BUNDLE_LOADER = "$(TEST_HOST)";
				CODE_SIGN_STYLE = Automatic;
				CURRENT_PROJECT_VERSION = 1;
				GENERATE_INFOPLIST_FILE = YES;
				IPHONEOS_DEPLOYMENT_TARGET = 15.4;
				MARKETING_VERSION = 1.0;
				PRODUCT_BUNDLE_IDENTIFIER = com.bitbuildr.GMBNTests;
				PRODUCT_NAME = "$(TARGET_NAME)";
				SWIFT_EMIT_LOC_STRINGS = NO;
				SWIFT_VERSION = 5.0;
				TARGETED_DEVICE_FAMILY = "1,2";
				TEST_HOST = "$(BUILT_PRODUCTS_DIR)/GMBN.app/GMBN";
			};
			name = Release;
		};
		A9F2553227F5A625008065A2 /* Debug */ = {
			isa = XCBuildConfiguration;
			buildSettings = {
				ALWAYS_EMBED_SWIFT_STANDARD_LIBRARIES = YES;
				CODE_SIGN_STYLE = Automatic;
				CURRENT_PROJECT_VERSION = 1;
				GENERATE_INFOPLIST_FILE = YES;
				MARKETING_VERSION = 1.0;
				PRODUCT_BUNDLE_IDENTIFIER = com.bitbuildr.GMBNUITests;
				PRODUCT_NAME = "$(TARGET_NAME)";
				SWIFT_EMIT_LOC_STRINGS = NO;
				SWIFT_VERSION = 5.0;
				TARGETED_DEVICE_FAMILY = "1,2";
				TEST_TARGET_NAME = GMBN;
			};
			name = Debug;
		};
		A9F2553327F5A625008065A2 /* Release */ = {
			isa = XCBuildConfiguration;
			buildSettings = {
				ALWAYS_EMBED_SWIFT_STANDARD_LIBRARIES = YES;
				CODE_SIGN_STYLE = Automatic;
				CURRENT_PROJECT_VERSION = 1;
				GENERATE_INFOPLIST_FILE = YES;
				MARKETING_VERSION = 1.0;
				PRODUCT_BUNDLE_IDENTIFIER = com.bitbuildr.GMBNUITests;
				PRODUCT_NAME = "$(TARGET_NAME)";
				SWIFT_EMIT_LOC_STRINGS = NO;
				SWIFT_VERSION = 5.0;
				TARGETED_DEVICE_FAMILY = "1,2";
				TEST_TARGET_NAME = GMBN;
			};
			name = Release;
		};
/* End XCBuildConfiguration section */

/* Begin XCConfigurationList section */
		A9F2550227F5A622008065A2 /* Build configuration list for PBXProject "GMBN" */ = {
			isa = XCConfigurationList;
			buildConfigurations = (
				A9F2552927F5A625008065A2 /* Debug */,
				A9F2552A27F5A625008065A2 /* Release */,
			);
			defaultConfigurationIsVisible = 0;
			defaultConfigurationName = Release;
		};
		A9F2552B27F5A625008065A2 /* Build configuration list for PBXNativeTarget "GMBN" */ = {
			isa = XCConfigurationList;
			buildConfigurations = (
				A9F2552C27F5A625008065A2 /* Debug */,
				A9F2552D27F5A625008065A2 /* Release */,
			);
			defaultConfigurationIsVisible = 0;
			defaultConfigurationName = Release;
		};
		A9F2552E27F5A625008065A2 /* Build configuration list for PBXNativeTarget "GMBNTests" */ = {
			isa = XCConfigurationList;
			buildConfigurations = (
				A9F2552F27F5A625008065A2 /* Debug */,
				A9F2553027F5A625008065A2 /* Release */,
			);
			defaultConfigurationIsVisible = 0;
			defaultConfigurationName = Release;
		};
		A9F2553127F5A625008065A2 /* Build configuration list for PBXNativeTarget "GMBNUITests" */ = {
			isa = XCConfigurationList;
			buildConfigurations = (
				A9F2553227F5A625008065A2 /* Debug */,
				A9F2553327F5A625008065A2 /* Release */,
			);
			defaultConfigurationIsVisible = 0;
			defaultConfigurationName = Release;
		};
/* End XCConfigurationList section */

/* Begin XCRemoteSwiftPackageReference section */
		A9F2553427F5A72A008065A2 /* XCRemoteSwiftPackageReference "swift-composable-architecture" */ = {
			isa = XCRemoteSwiftPackageReference;
			repositoryURL = "https://github.com/pointfreeco/swift-composable-architecture";
			requirement = {
				kind = upToNextMajorVersion;
				minimumVersion = 0.34.0;
			};
		};
/* End XCRemoteSwiftPackageReference section */

/* Begin XCSwiftPackageProductDependency section */
		A9F2553527F5A72A008065A2 /* ComposableArchitecture */ = {
			isa = XCSwiftPackageProductDependency;
			package = A9F2553427F5A72A008065A2 /* XCRemoteSwiftPackageReference "swift-composable-architecture" */;
			productName = ComposableArchitecture;
		};
/* End XCSwiftPackageProductDependency section */
	};
	rootObject = A9F254FF27F5A622008065A2 /* Project object */;
}
